
Microsoft Visual Studio Solution File, Format Version 12.00
# Visual Studio Version 17
VisualStudioVersion = 17.14.36212.18 d17.14
MinimumVisualStudioVersion = 10.0.40219.1
Project("{FAE04EC0-301F-11D3-BF4B-00C04F79EFBC}") = "WithoutHer", "WithoutHer.csproj", "{A5A7163D-EAC4-1AD6-2468-AF69254F1774}"
EndProject
Global
	GlobalSection(SolutionConfigurationPlatforms) = preSolution
		Debug|Any CPU = Debug|Any CPU
		Release|Any CPU = Release|Any CPU
	EndGlobalSection
	GlobalSection(ProjectConfigurationPlatforms) = postSolution
		{A5A7163D-EAC4-1AD6-2468-AF69254F1774}.Debug|Any CPU.ActiveCfg = Debug|Any CPU
		{A5A7163D-EAC4-1AD6-2468-AF69254F1774}.Debug|Any CPU.Build.0 = Debug|Any CPU
		{A5A7163D-EAC4-1AD6-2468-AF69254F1774}.Release|Any CPU.ActiveCfg = Release|Any CPU
		{A5A7163D-EAC4-1AD6-2468-AF69254F1774}.Release|Any CPU.Build.0 = Release|Any CPU
	EndGlobalSection
	GlobalSection(SolutionProperties) = preSolution
		HideSolutionNode = FALSE
	EndGlobalSection
	GlobalSection(ExtensibilityGlobals) = postSolution
		SolutionGuid = {9EC0ED56-EA8B-40E4-B680-E41B133F857E}
	EndGlobalSection
EndGlobal
